// !$*UTF8*$!
{
	archiveVersion = 1;
	classes = {
	};
	objectVersion = 56;
	objects = {

/* Begin PBXBuildFile section */
		B7341EE82BCCE8F90008218B /* Modelo1.swift in Sources */ = {isa = PBXBuildFile; fileRef = B7341EE72BCCE8F90008218B /* Modelo1.swift */; };
		B7341EEA2BCCF3C00008218B /* Modelo1ViewModel.swift in Sources */ = {isa = PBXBuildFile; fileRef = B7341EE92BCCF3C00008218B /* Modelo1ViewModel.swift */; };
		B75CB62F2BC4CF25009A511A /* JSONApp.swift in Sources */ = {isa = PBXBuildFile; fileRef = B75CB62E2BC4CF25009A511A /* JSONApp.swift */; };
		B75CB6312BC4CF25009A511A /* ContentView.swift in Sources */ = {isa = PBXBuildFile; fileRef = B75CB6302BC4CF25009A511A /* ContentView.swift */; };
		B75CB6332BC4CF2A009A511A /* Assets.xcassets in Resources */ = {isa = PBXBuildFile; fileRef = B75CB6322BC4CF2A009A511A /* Assets.xcassets */; };
		B75CB6362BC4CF2A009A511A /* Preview Assets.xcassets in Resources */ = {isa = PBXBuildFile; fileRef = B75CB6352BC4CF2A009A511A /* Preview Assets.xcassets */; };
		B75CB6402BC50BF8009A511A /* PostModel.swift in Sources */ = {isa = PBXBuildFile; fileRef = B75CB63F2BC50BF8009A511A /* PostModel.swift */; };
		B75CB6422BC50D83009A511A /* PostViewModel.swift in Sources */ = {isa = PBXBuildFile; fileRef = B75CB6412BC50D83009A511A /* PostViewModel.swift */; };
		B75CB6442BC79C93009A511A /* Login.swift in Sources */ = {isa = PBXBuildFile; fileRef = B75CB6432BC79C93009A511A /* Login.swift */; };
		B75CB6462BC79CD6009A511A /* Home.swift in Sources */ = {isa = PBXBuildFile; fileRef = B75CB6452BC79CD6009A511A /* Home.swift */; };
/* End PBXBuildFile section */

/* Begin PBXFileReference section */
		B7341EE72BCCE8F90008218B /* Modelo1.swift */ = {isa = PBXFileReference; lastKnownFileType = sourcecode.swift; path = Modelo1.swift; sourceTree = "<group>"; };
		B7341EE92BCCF3C00008218B /* Modelo1ViewModel.swift */ = {isa = PBXFileReference; lastKnownFileType = sourcecode.swift; path = Modelo1ViewModel.swift; sourceTree = "<group>"; };
		B75CB62B2BC4CF25009A511A /* JSON.app */ = {isa = PBXFileReference; explicitFileType = wrapper.application; includeInIndex = 0; path = JSON.app; sourceTree = BUILT_PRODUCTS_DIR; };
		B75CB62E2BC4CF25009A511A /* JSONApp.swift */ = {isa = PBXFileReference; lastKnownFileType = sourcecode.swift; path = JSONApp.swift; sourceTree = "<group>"; };
		B75CB6302BC4CF25009A511A /* ContentView.swift */ = {isa = PBXFileReference; lastKnownFileType = sourcecode.swift; path = ContentView.swift; sourceTree = "<group>"; };
		B75CB6322BC4CF2A009A511A /* Assets.xcassets */ = {isa = PBXFileReference; lastKnownFileType = folder.assetcatalog; path = Assets.xcassets; sourceTree = "<group>"; };
		B75CB6352BC4CF2A009A511A /* Preview Assets.xcassets */ = {isa = PBXFileReference; lastKnownFileType = folder.assetcatalog; path = "Preview Assets.xcassets"; sourceTree = "<group>"; };
		B75CB63F2BC50BF8009A511A /* PostModel.swift */ = {isa = PBXFileReference; lastKnownFileType = sourcecode.swift; path = PostModel.swift; sourceTree = "<group>"; };
		B75CB6412BC50D83009A511A /* PostViewModel.swift */ = {isa = PBXFileReference; lastKnownFileType = sourcecode.swift; path = PostViewModel.swift; sourceTree = "<group>"; };
		B75CB6432BC79C93009A511A /* Login.swift */ = {isa = PBXFileReference; lastKnownFileType = sourcecode.swift; path = Login.swift; sourceTree = "<group>"; };
		B75CB6452BC79CD6009A511A /* Home.swift */ = {isa = PBXFileReference; lastKnownFileType = sourcecode.swift; path = Home.swift; sourceTree = "<group>"; };
/* End PBXFileReference section */

/* Begin PBXFrameworksBuildPhase section */
		B75CB6282BC4CF25009A511A /* Frameworks */ = {
			isa = PBXFrameworksBuildPhase;
			buildActionMask = 2147483647;
			files = (
			);
			runOnlyForDeploymentPostprocessing = 0;
		};
/* End PBXFrameworksBuildPhase section */

/* Begin PBXGroup section */
		B75CB6222BC4CF25009A511A = {
			isa = PBXGroup;
			children = (
				B75CB62D2BC4CF25009A511A /* JSON */,
				B75CB62C2BC4CF25009A511A /* Products */,
			);
			sourceTree = "<group>";
		};
		B75CB62C2BC4CF25009A511A /* Products */ = {
			isa = PBXGroup;
			children = (
				B75CB62B2BC4CF25009A511A /* JSON.app */,
			);
			name = Products;
			sourceTree = "<group>";
		};
		B75CB62D2BC4CF25009A511A /* JSON */ = {
			isa = PBXGroup;
			children = (
				B75CB63E2BC4D5F7009A511A /* Model */,
				B75CB63D2BC4D5EB009A511A /* View */,
				B75CB63C2BC4D5DB009A511A /* ViewModel */,
				B75CB62E2BC4CF25009A511A /* JSONApp.swift */,
				B75CB6302BC4CF25009A511A /* ContentView.swift */,
				B75CB6322BC4CF2A009A511A /* Assets.xcassets */,
				B75CB6342BC4CF2A009A511A /* Preview Content */,
			);
			path = JSON;
			sourceTree = "<group>";
		};
		B75CB6342BC4CF2A009A511A /* Preview Content */ = {
			isa = PBXGroup;
			children = (
				B75CB6352BC4CF2A009A511A /* Preview Assets.xcassets */,
			);
			path = "Preview Content";
			sourceTree = "<group>";
		};
		B75CB63C2BC4D5DB009A511A /* ViewModel */ = {
			isa = PBXGroup;
			children = (
				B75CB6412BC50D83009A511A /* PostViewModel.swift */,
				B7341EE92BCCF3C00008218B /* Modelo1ViewModel.swift */,
			);
			path = ViewModel;
			sourceTree = "<group>";
		};
		B75CB63D2BC4D5EB009A511A /* View */ = {
			isa = PBXGroup;
			children = (
				B75CB6432BC79C93009A511A /* Login.swift */,
				B75CB6452BC79CD6009A511A /* Home.swift */,
			);
			path = View;
			sourceTree = "<group>";
		};
		B75CB63E2BC4D5F7009A511A /* Model */ = {
			isa = PBXGroup;
			children = (
				B75CB63F2BC50BF8009A511A /* PostModel.swift */,
				B7341EE72BCCE8F90008218B /* Modelo1.swift */,
			);
			path = Model;
			sourceTree = "<group>";
		};
/* End PBXGroup section */

/* Begin PBXNativeTarget section */
		B75CB62A2BC4CF25009A511A /* JSON */ = {
			isa = PBXNativeTarget;
			buildConfigurationList = B75CB6392BC4CF2A009A511A /* Build configuration list for PBXNativeTarget "JSON" */;
			buildPhases = (
				B75CB6272BC4CF25009A511A /* Sources */,
				B75CB6282BC4CF25009A511A /* Frameworks */,
				B75CB6292BC4CF25009A511A /* Resources */,
			);
			buildRules = (
			);
			dependencies = (
			);
			name = JSON;
			productName = JSON;
			productReference = B75CB62B2BC4CF25009A511A /* JSON.app */;
			productType = "com.apple.product-type.application";
		};
/* End PBXNativeTarget section */

/* Begin PBXProject section */
		B75CB6232BC4CF25009A511A /* Project object */ = {
			isa = PBXProject;
			attributes = {
				BuildIndependentTargetsInParallel = 1;
				LastSwiftUpdateCheck = 1500;
				LastUpgradeCheck = 1500;
				TargetAttributes = {
					B75CB62A2BC4CF25009A511A = {
						CreatedOnToolsVersion = 15.0.1;
					};
				};
			};
			buildConfigurationList = B75CB6262BC4CF25009A511A /* Build configuration list for PBXProject "JSON" */;
			compatibilityVersion = "Xcode 14.0";
			developmentRegion = en;
			hasScannedForEncodings = 0;
			knownRegions = (
				en,
				Base,
			);
			mainGroup = B75CB6222BC4CF25009A511A;
			productRefGroup = B75CB62C2BC4CF25009A511A /* Products */;
			projectDirPath = "";
			projectRoot = "";
			targets = (
				B75CB62A2BC4CF25009A511A /* JSON */,
			);
		};
/* End PBXProject section */

/* Begin PBXResourcesBuildPhase section */
		B75CB6292BC4CF25009A511A /* Resources */ = {
			isa = PBXResourcesBuildPhase;
			buildActionMask = 2147483647;
			files = (
				B75CB6362BC4CF2A009A511A /* Preview Assets.xcassets in Resources */,
				B75CB6332BC4CF2A009A511A /* Assets.xcassets in Resources */,
			);
			runOnlyForDeploymentPostprocessing = 0;
		};
/* End PBXResourcesBuildPhase section */

/* Begin PBXSourcesBuildPhase section */
		B75CB6272BC4CF25009A511A /* Sources */ = {
			isa = PBXSourcesBuildPhase;
			buildActionMask = 2147483647;
			files = (
				B75CB6422BC50D83009A511A /* PostViewModel.swift in Sources */,
				B75CB6442BC79C93009A511A /* Login.swift in Sources */,
				B75CB6312BC4CF25009A511A /* ContentView.swift in Sources */,
				B75CB6402BC50BF8009A511A /* PostModel.swift in Sources */,
				B7341EE82BCCE8F90008218B /* Modelo1.swift in Sources */,
				B75CB6462BC79CD6009A511A /* Home.swift in Sources */,
				B7341EEA2BCCF3C00008218B /* Modelo1ViewModel.swift in Sources */,
				B75CB62F2BC4CF25009A511A /* JSONApp.swift in Sources */,
			);
			runOnlyForDeploymentPostprocessing = 0;
		};
/* End PBXSourcesBuildPhase section */

/* Begin XCBuildConfiguration section */
		B75CB6372BC4CF2A009A511A /* Debug */ = {
			isa = XCBuildConfiguration;
			buildSettings = {
				ALWAYS_SEARCH_USER_PATHS = NO;
				ASSETCATALOG_COMPILER_GENERATE_SWIFT_ASSET_SYMBOL_EXTENSIONS = YES;
				CLANG_ANALYZER_NONNULL = YES;
				CLANG_ANALYZER_NUMBER_OBJECT_CONVERSION = YES_AGGRESSIVE;
				CLANG_CXX_LANGUAGE_STANDARD = "gnu++20";
				CLANG_ENABLE_MODULES = YES;
				CLANG_ENABLE_OBJC_ARC = YES;
				CLANG_ENABLE_OBJC_WEAK = YES;
				CLANG_WARN_BLOCK_CAPTURE_AUTORELEASING = YES;
				CLANG_WARN_BOOL_CONVERSION = YES;
				CLANG_WARN_COMMA = YES;
				CLANG_WARN_CONSTANT_CONVERSION = YES;
				CLANG_WARN_DEPRECATED_OBJC_IMPLEMENTATIONS = YES;
				CLANG_WARN_DIRECT_OBJC_ISA_USAGE = YES_ERROR;
				CLANG_WARN_DOCUMENTATION_COMMENTS = YES;
				CLANG_WARN_EMPTY_BODY = YES;
				CLANG_WARN_ENUM_CONVERSION = YES;
				CLANG_WARN_INFINITE_RECURSION = YES;
				CLANG_WARN_INT_CONVERSION = YES;
				CLANG_WARN_NON_LITERAL_NULL_CONVERSION = YES;
				CLANG_WARN_OBJC_IMPLICIT_RETAIN_SELF = YES;
				CLANG_WARN_OBJC_LITERAL_CONVERSION = YES;
				CLANG_WARN_OBJC_ROOT_CLASS = YES_ERROR;
				CLANG_WARN_QUOTED_INCLUDE_IN_FRAMEWORK_HEADER = YES;
				CLANG_WARN_RANGE_LOOP_ANALYSIS = YES;
				CLANG_WARN_STRICT_PROTOTYPES = YES;
				CLANG_WARN_SUSPICIOUS_MOVE = YES;
				CLANG_WARN_UNGUARDED_AVAILABILITY = YES_AGGRESSIVE;
				CLANG_WARN_UNREACHABLE_CODE = YES;
				CLANG_WARN__DUPLICATE_METHOD_MATCH = YES;
				COPY_PHASE_STRIP = NO;
				DEBUG_INFORMATION_FORMAT = dwarf;
				ENABLE_STRICT_OBJC_MSGSEND = YES;
				ENABLE_TESTABILITY = YES;
				ENABLE_USER_SCRIPT_SANDBOXING = YES;
				GCC_C_LANGUAGE_STANDARD = gnu17;
				GCC_DYNAMIC_NO_PIC = NO;
				GCC_NO_COMMON_BLOCKS = YES;
				GCC_OPTIMIZATION_LEVEL = 0;
				GCC_PREPROCESSOR_DEFINITIONS = (
					"DEBUG=1",
					"$(inherited)",
				);
				GCC_WARN_64_TO_32_BIT_CONVERSION = YES;
				GCC_WARN_ABOUT_RETURN_TYPE = YES_ERROR;
				GCC_WARN_UNDECLARED_SELECTOR = YES;
				GCC_WARN_UNINITIALIZED_AUTOS = YES_AGGRESSIVE;
				GCC_WARN_UNUSED_FUNCTION = YES;
				GCC_WARN_UNUSED_VARIABLE = YES;
				IPHONEOS_DEPLOYMENT_TARGET = 17.0;
				LOCALIZATION_PREFERS_STRING_CATALOGS = YES;
				MTL_ENABLE_DEBUG_INFO = INCLUDE_SOURCE;
				MTL_FAST_MATH = YES;
				ONLY_ACTIVE_ARCH = YES;
				SDKROOT = iphoneos;
				SWIFT_ACTIVE_COMPILATION_CONDITIONS = "DEBUG $(inherited)";
				SWIFT_OPTIMIZATION_LEVEL = "-Onone";
			};
			name = Debug;
		};
		B75CB6382BC4CF2A009A511A /* Release */ = {
			isa = XCBuildConfiguration;
			buildSettings = {
				ALWAYS_SEARCH_USER_PATHS = NO;
				ASSETCATALOG_COMPILER_GENERATE_SWIFT_ASSET_SYMBOL_EXTENSIONS = YES;
				CLANG_ANALYZER_NONNULL = YES;
				CLANG_ANALYZER_NUMBER_OBJECT_CONVERSION = YES_AGGRESSIVE;
				CLANG_CXX_LANGUAGE_STANDARD = "gnu++20";
				CLANG_ENABLE_MODULES = YES;
				CLANG_ENABLE_OBJC_ARC = YES;
				CLANG_ENABLE_OBJC_WEAK = YES;
				CLANG_WARN_BLOCK_CAPTURE_AUTORELEASING = YES;
				CLANG_WARN_BOOL_CONVERSION = YES;
				CLANG_WARN_COMMA = YES;
				CLANG_WARN_CONSTANT_CONVERSION = YES;
				CLANG_WARN_DEPRECATED_OBJC_IMPLEMENTATIONS = YES;
				CLANG_WARN_DIRECT_OBJC_ISA_USAGE = YES_ERROR;
				CLANG_WARN_DOCUMENTATION_COMMENTS = YES;
				CLANG_WARN_EMPTY_BODY = YES;
				CLANG_WARN_ENUM_CONVERSION = YES;
				CLANG_WARN_INFINITE_RECURSION = YES;
				CLANG_WARN_INT_CONVERSION = YES;
				CLANG_WARN_NON_LITERAL_NULL_CONVERSION = YES;
				CLANG_WARN_OBJC_IMPLICIT_RETAIN_SELF = YES;
				CLANG_WARN_OBJC_LITERAL_CONVERSION = YES;
				CLANG_WARN_OBJC_ROOT_CLASS = YES_ERROR;
				CLANG_WARN_QUOTED_INCLUDE_IN_FRAMEWORK_HEADER = YES;
				CLANG_WARN_RANGE_LOOP_ANALYSIS = YES;
				CLANG_WARN_STRICT_PROTOTYPES = YES;
				CLANG_WARN_SUSPICIOUS_MOVE = YES;
				CLANG_WARN_UNGUARDED_AVAILABILITY = YES_AGGRESSIVE;
				CLANG_WARN_UNREACHABLE_CODE = YES;
				CLANG_WARN__DUPLICATE_METHOD_MATCH = YES;
				COPY_PHASE_STRIP = NO;
				DEBUG_INFORMATION_FORMAT = "dwarf-with-dsym";
				ENABLE_NS_ASSERTIONS = NO;
				ENABLE_STRICT_OBJC_MSGSEND = YES;
				ENABLE_USER_SCRIPT_SANDBOXING = YES;
				GCC_C_LANGUAGE_STANDARD = gnu17;
				GCC_NO_COMMON_BLOCKS = YES;
				GCC_WARN_64_TO_32_BIT_CONVERSION = YES;
				GCC_WARN_ABOUT_RETURN_TYPE = YES_ERROR;
				GCC_WARN_UNDECLARED_SELECTOR = YES;
				GCC_WARN_UNINITIALIZED_AUTOS = YES_AGGRESSIVE;
				GCC_WARN_UNUSED_FUNCTION = YES;
				GCC_WARN_UNUSED_VARIABLE = YES;
				IPHONEOS_DEPLOYMENT_TARGET = 17.0;
				LOCALIZATION_PREFERS_STRING_CATALOGS = YES;
				MTL_ENABLE_DEBUG_INFO = NO;
				MTL_FAST_MATH = YES;
				SDKROOT = iphoneos;
				SWIFT_COMPILATION_MODE = wholemodule;
				VALIDATE_PRODUCT = YES;
			};
			name = Release;
		};
		B75CB63A2BC4CF2A009A511A /* Debug */ = {
			isa = XCBuildConfiguration;
			buildSettings = {
				ASSETCATALOG_COMPILER_APPICON_NAME = AppIcon;
				ASSETCATALOG_COMPILER_GLOBAL_ACCENT_COLOR_NAME = AccentColor;
				CODE_SIGN_STYLE = Automatic;
				CURRENT_PROJECT_VERSION = 1;
				DEVELOPMENT_ASSET_PATHS = "\"JSON/Preview Content\"";
				DEVELOPMENT_TEAM = NN4Z77S6L2;
				ENABLE_PREVIEWS = YES;
				GENERATE_INFOPLIST_FILE = YES;
				INFOPLIST_KEY_UIApplicationSceneManifest_Generation = YES;
				INFOPLIST_KEY_UIApplicationSupportsIndirectInputEvents = YES;
				INFOPLIST_KEY_UILaunchScreen_Generation = YES;
				INFOPLIST_KEY_UISupportedInterfaceOrientations_iPad = "UIInterfaceOrientationPortrait UIInterfaceOrientationPortraitUpsideDown UIInterfaceOrientationLandscapeLeft UIInterfaceOrientationLandscapeRight";
				INFOPLIST_KEY_UISupportedInterfaceOrientations_iPhone = "UIInterfaceOrientationPortrait UIInterfaceOrientationLandscapeLeft UIInterfaceOrientationLandscapeRight";
				LD_RUNPATH_SEARCH_PATHS = (
					"$(inherited)",
					"@executable_path/Frameworks",
				);
				MARKETING_VERSION = 1.0;
				PRODUCT_BUNDLE_IDENTIFIER = com.HolaSwift.JSON;
				PRODUCT_NAME = "$(TARGET_NAME)";
				SWIFT_EMIT_LOC_STRINGS = YES;
				SWIFT_VERSION = 5.0;
				TARGETED_DEVICE_FAMILY = "1,2";
			};
			name = Debug;
		};
		B75CB63B2BC4CF2A009A511A /* Release */ = {
			isa = XCBuildConfiguration;
			buildSettings = {
				ASSETCATALOG_COMPILER_APPICON_NAME = AppIcon;
				ASSETCATALOG_COMPILER_GLOBAL_ACCENT_COLOR_NAME = AccentColor;
				CODE_SIGN_STYLE = Automatic;
				CURRENT_PROJECT_VERSION = 1;
				DEVELOPMENT_ASSET_PATHS = "\"JSON/Preview Content\"";
				DEVELOPMENT_TEAM = NN4Z77S6L2;
				ENABLE_PREVIEWS = YES;
				GENERATE_INFOPLIST_FILE = YES;
				INFOPLIST_KEY_UIApplicationSceneManifest_Generation = YES;
				INFOPLIST_KEY_UIApplicationSupportsIndirectInputEvents = YES;
				INFOPLIST_KEY_UILaunchScreen_Generation = YES;
				INFOPLIST_KEY_UISupportedInterfaceOrientations_iPad = "UIInterfaceOrientationPortrait UIInterfaceOrientationPortraitUpsideDown UIInterfaceOrientationLandscapeLeft UIInterfaceOrientationLandscapeRight";
				INFOPLIST_KEY_UISupportedInterfaceOrientations_iPhone = "UIInterfaceOrientationPortrait UIInterfaceOrientationLandscapeLeft UIInterfaceOrientationLandscapeRight";
				LD_RUNPATH_SEARCH_PATHS = (
					"$(inherited)",
					"@executable_path/Frameworks",
				);
				MARKETING_VERSION = 1.0;
				PRODUCT_BUNDLE_IDENTIFIER = com.HolaSwift.JSON;
				PRODUCT_NAME = "$(TARGET_NAME)";
				SWIFT_EMIT_LOC_STRINGS = YES;
				SWIFT_VERSION = 5.0;
				TARGETED_DEVICE_FAMILY = "1,2";
			};
			name = Release;
		};
/* End XCBuildConfiguration section */

/* Begin XCConfigurationList section */
		B75CB6262BC4CF25009A511A /* Build configuration list for PBXProject "JSON" */ = {
			isa = XCConfigurationList;
			buildConfigurations = (
				B75CB6372BC4CF2A009A511A /* Debug */,
				B75CB6382BC4CF2A009A511A /* Release */,
			);
			defaultConfigurationIsVisible = 0;
			defaultConfigurationName = Release;
		};
		B75CB6392BC4CF2A009A511A /* Build configuration list for PBXNativeTarget "JSON" */ = {
			isa = XCConfigurationList;
			buildConfigurations = (
				B75CB63A2BC4CF2A009A511A /* Debug */,
				B75CB63B2BC4CF2A009A511A /* Release */,
			);
			defaultConfigurationIsVisible = 0;
			defaultConfigurationName = Release;
		};
/* End XCConfigurationList section */
	};
	rootObject = B75CB6232BC4CF25009A511A /* Project object */;
}
